
Microsoft Visual Studio Solution File, Format Version 12.00
# Visual Studio 2013
VisualStudioVersion = 12.0.31101.0
MinimumVisualStudioVersion = 10.0.40219.1
Project("{FAE04EC0-301F-11D3-BF4B-00C04F79EFBC}") = "System.Net.FtpClient.Async", "System.Net.FtpClient.Async\System.Net.FtpClient.Async.csproj", "{3C2DC576-DB33-40F9-960D-A66A28F4BD96}"
EndProject
Project("{2150E333-8FDC-42A3-9474-1A3956D46DE8}") = ".nuget", ".nuget", "{B0437910-83A0-40E4-B83D-D2C408D0723F}"
	ProjectSection(SolutionItems) = preProject
		.nuget\NuGet.Config = .nuget\NuGet.Config
		.nuget\NuGet.exe = .nuget\NuGet.exe
		.nuget\NuGet.targets = .nuget\NuGet.targets
	EndProjectSection
EndProject
Global
	GlobalSection(SolutionConfigurationPlatforms) = preSolution
		Debug|Any CPU = Debug|Any CPU
		Release|Any CPU = Release|Any CPU
	EndGlobalSection
	GlobalSection(ProjectConfigurationPlatforms) = postSolution
		{3C2DC576-DB33-40F9-960D-A66A28F4BD96}.Debug|Any CPU.ActiveCfg = Debug|Any CPU
		{3C2DC576-DB33-40F9-960D-A66A28F4BD96}.Debug|Any CPU.Build.0 = Debug|Any CPU
		{3C2DC576-DB33-40F9-960D-A66A28F4BD96}.Release|Any CPU.ActiveCfg = Release|Any CPU
		{3C2DC576-DB33-40F9-960D-A66A28F4BD96}.Release|Any CPU.Build.0 = Release|Any CPU
	EndGlobalSection
	GlobalSection(SolutionProperties) = preSolution
		HideSolutionNode = FALSE
	EndGlobalSection
EndGlobal
